
Microsoft Visual Studio Solution File, Format Version 12.00
# Visual Studio 15
Project("{FAE04EC0-301F-11D3-BF4B-00C04F79EFBC}") = "Assembly-CSharp", "Assembly-CSharp.csproj", "{23FEA2DF-585C-71C0-35EC-E18F5088DE40}"
EndProject
Project("{FAE04EC0-301F-11D3-BF4B-00C04F79EFBC}") = "Assembly-CSharp-Editor", "Assembly-CSharp-Editor.csproj", "{82886D9D-8AAB-1739-E7CE-78577E255211}"
EndProject
Global
	GlobalSection(SolutionConfigurationPlatforms) = preSolution
		Debug|Any CPU = Debug|Any CPU
		Release|Any CPU = Release|Any CPU
	EndGlobalSection
	GlobalSection(ProjectConfigurationPlatforms) = postSolution
		{23FEA2DF-585C-71C0-35EC-E18F5088DE40}.Debug|Any CPU.ActiveCfg = Debug|Any CPU
		{23FEA2DF-585C-71C0-35EC-E18F5088DE40}.Debug|Any CPU.Build.0 = Debug|Any CPU
		{23FEA2DF-585C-71C0-35EC-E18F5088DE40}.Release|Any CPU.ActiveCfg = Release|Any CPU
		{23FEA2DF-585C-71C0-35EC-E18F5088DE40}.Release|Any CPU.Build.0 = Release|Any CPU
		{82886D9D-8AAB-1739-E7CE-78577E255211}.Debug|Any CPU.ActiveCfg = Debug|Any CPU
		{82886D9D-8AAB-1739-E7CE-78577E255211}.Debug|Any CPU.Build.0 = Debug|Any CPU
		{82886D9D-8AAB-1739-E7CE-78577E255211}.Release|Any CPU.ActiveCfg = Release|Any CPU
		{82886D9D-8AAB-1739-E7CE-78577E255211}.Release|Any CPU.Build.0 = Release|Any CPU
	EndGlobalSection
	GlobalSection(SolutionProperties) = preSolution
		HideSolutionNode = FALSE
	EndGlobalSection
EndGlobal
